// !$*UTF8*$!
{
	archiveVersion = 1;
	classes = {
	};
	objectVersion = 77;
	objects = {

/* Begin PBXBuildFile section */
		55050D342ED6292C0082A2EE /* GoogleSignIn in Frameworks */ = {isa = PBXBuildFile; productRef = 55050D332ED6292C0082A2EE /* GoogleSignIn */; };
		55050D362ED6292C0082A2EE /* GoogleSignInSwift in Frameworks */ = {isa = PBXBuildFile; productRef = 55050D352ED6292C0082A2EE /* GoogleSignInSwift */; };
		5515A4462F0F9E6C00A83829 /* FirebaseMessaging in Frameworks */ = {isa = PBXBuildFile; productRef = 5515A4452F0F9E6C00A83829 /* FirebaseMessaging */; };
		5535B85D2ECC2C7A00B778F4 /* FirebaseAuth in Frameworks */ = {isa = PBXBuildFile; productRef = 5535B85C2ECC2C7A00B778F4 /* FirebaseAuth */; };
		5535B85F2ECC2C7F00B778F4 /* FirebaseCore in Frameworks */ = {isa = PBXBuildFile; productRef = 5535B85E2ECC2C7F00B778F4 /* FirebaseCore */; };
		5535B8612ECC2C8500B778F4 /* FirebaseFirestore in Frameworks */ = {isa = PBXBuildFile; productRef = 5535B8602ECC2C8500B778F4 /* FirebaseFirestore */; };
		5535B9002ECC2C7A00B778F4 /* FirebaseMessaging in Frameworks */ = {isa = PBXBuildFile; productRef = 5535B9012ECC2C7A00B778F4 /* FirebaseMessaging */; };
		553A0CE92EDA312F00D93B93 /* WidgetKit.framework in Frameworks */ = {isa = PBXBuildFile; fileRef = 553A0CE82EDA312F00D93B93 /* WidgetKit.framework */; };
		553A0CEB2EDA312F00D93B93 /* SwiftUI.framework in Frameworks */ = {isa = PBXBuildFile; fileRef = 553A0CEA2EDA312F00D93B93 /* SwiftUI.framework */; };
		553A0CFC2EDA313200D93B93 /* ExamCountdownWidgetExtension.appex in Embed Foundation Extensions */ = {isa = PBXBuildFile; fileRef = 553A0CE72EDA312F00D93B93 /* ExamCountdownWidgetExtension.appex */; settings = {ATTRIBUTES = (RemoveHeadersOnCopy, ); }; };
/* End PBXBuildFile section */

/* Begin PBXContainerItemProxy section */
		553A0CFA2EDA313200D93B93 /* PBXContainerItemProxy */ = {
			isa = PBXContainerItemProxy;
			containerPortal = 5535B8422ECC21F600B778F4 /* Project object */;
			proxyType = 1;
			remoteGlobalIDString = 553A0CE62EDA312F00D93B93;
			remoteInfo = ExamCountdownWidgetExtension;
		};
/* End PBXContainerItemProxy section */

/* Begin PBXCopyFilesBuildPhase section */
		553A0D012EDA313200D93B93 /* Embed Foundation Extensions */ = {
			isa = PBXCopyFilesBuildPhase;
			buildActionMask = 2147483647;
			dstPath = "";
			dstSubfolderSpec = 13;
			files = (
				553A0CFC2EDA313200D93B93 /* ExamCountdownWidgetExtension.appex in Embed Foundation Extensions */,
			);
			name = "Embed Foundation Extensions";
			runOnlyForDeploymentPostprocessing = 0;
		};
/* End PBXCopyFilesBuildPhase section */

/* Begin PBXFileReference section */
		0B81CAE7A7258A7CBD8BC078 /* noten-manager-iosTests.xctest */ = {isa = PBXFileReference; explicitFileType = wrapper.cfbundle; includeInIndex = 0; path = "noten-manager-iosTests.xctest"; sourceTree = BUILT_PRODUCTS_DIR; };
		25FA1AE72DAEDFF3F2E009B3 /* Foundation.framework */ = {isa = PBXFileReference; lastKnownFileType = wrapper.framework; name = Foundation.framework; path = Platforms/iPhoneOS.platform/Developer/SDKs/iPhoneOS18.0.sdk/System/Library/Frameworks/Foundation.framework; sourceTree = DEVELOPER_DIR; };
		5535B84A2ECC21F600B778F4 /* noten-manager-ios.app */ = {isa = PBXFileReference; explicitFileType = wrapper.application; includeInIndex = 0; path = "noten-manager-ios.app"; sourceTree = BUILT_PRODUCTS_DIR; };
		553A0CE72EDA312F00D93B93 /* ExamCountdownWidgetExtension.appex */ = {isa = PBXFileReference; explicitFileType = "wrapper.app-extension"; includeInIndex = 0; path = ExamCountdownWidgetExtension.appex; sourceTree = BUILT_PRODUCTS_DIR; };
		553A0CE82EDA312F00D93B93 /* WidgetKit.framework */ = {isa = PBXFileReference; lastKnownFileType = wrapper.framework; name = WidgetKit.framework; path = System/Library/Frameworks/WidgetKit.framework; sourceTree = SDKROOT; };
		553A0CEA2EDA312F00D93B93 /* SwiftUI.framework */ = {isa = PBXFileReference; lastKnownFileType = wrapper.framework; name = SwiftUI.framework; path = System/Library/Frameworks/SwiftUI.framework; sourceTree = SDKROOT; };
		BBDDD1F6B0079669C75F2061 /* GradeEngineTests.swift */ = {isa = PBXFileReference; includeInIndex = 1; lastKnownFileType = sourcecode.swift; name = GradeEngineTests.swift; path = Tests/GradeEngineTests.swift; sourceTree = "<group>"; };
/* End PBXFileReference section */

/* Begin PBXFileSystemSynchronizedBuildFileExceptionSet section */
		55050D382ED62A370082A2EE /* Exceptions for "noten-manager-ios" folder in "noten-manager-ios" target */ = {
			isa = PBXFileSystemSynchronizedBuildFileExceptionSet;
			membershipExceptions = (
				Info.plist,
			);
			target = 5535B8492ECC21F600B778F4 /* noten-manager-ios */;
		};
		553A0D002EDA313200D93B93 /* Exceptions for "ExamCountdownWidget" folder in "ExamCountdownWidgetExtension" target */ = {
			isa = PBXFileSystemSynchronizedBuildFileExceptionSet;
			membershipExceptions = (
				Info.plist,
			);
			target = 553A0CE62EDA312F00D93B93 /* ExamCountdownWidgetExtension */;
		};
		55D010C82EF7113F0031EF29 /* Exceptions for "noten-manager-ios" folder in "ExamCountdownWidgetExtension" target */ = {
			isa = PBXFileSystemSynchronizedBuildFileExceptionSet;
			membershipExceptions = (
				StoreKitConfiguration.storekit,
			);
			target = 553A0CE62EDA312F00D93B93 /* ExamCountdownWidgetExtension */;
		};
/* End PBXFileSystemSynchronizedBuildFileExceptionSet section */

/* Begin PBXFileSystemSynchronizedRootGroup section */
		5535B84C2ECC21F600B778F4 /* noten-manager-ios */ = {
			isa = PBXFileSystemSynchronizedRootGroup;
			exceptions = (
				55050D382ED62A370082A2EE /* Exceptions for "noten-manager-ios" folder in "noten-manager-ios" target */,
				55D010C82EF7113F0031EF29 /* Exceptions for "noten-manager-ios" folder in "ExamCountdownWidgetExtension" target */,
			);
			path = "noten-manager-ios";
			sourceTree = "<group>";
		};
		553A0CEC2EDA312F00D93B93 /* ExamCountdownWidget */ = {
			isa = PBXFileSystemSynchronizedRootGroup;
			exceptions = (
				553A0D002EDA313200D93B93 /* Exceptions for "ExamCountdownWidget" folder in "ExamCountdownWidgetExtension" target */,
			);
			path = ExamCountdownWidget;
			sourceTree = "<group>";
		};
/* End PBXFileSystemSynchronizedRootGroup section */

/* Begin PBXFrameworksBuildPhase section */
		5535B8472ECC21F600B778F4 /* Frameworks */ = {
			isa = PBXFrameworksBuildPhase;
			buildActionMask = 2147483647;
			files = (
				5515A4462F0F9E6C00A83829 /* FirebaseMessaging in Frameworks */,
				55050D362ED6292C0082A2EE /* GoogleSignInSwift in Frameworks */,
				5535B85F2ECC2C7F00B778F4 /* FirebaseCore in Frameworks */,
				55050D342ED6292C0082A2EE /* GoogleSignIn in Frameworks */,
				5535B85D2ECC2C7A00B778F4 /* FirebaseAuth in Frameworks */,
				5535B8612ECC2C8500B778F4 /* FirebaseFirestore in Frameworks */,
				5535B9002ECC2C7A00B778F4 /* FirebaseMessaging in Frameworks */,
			);
			runOnlyForDeploymentPostprocessing = 0;
		};
		553A0CE42EDA312F00D93B93 /* Frameworks */ = {
			isa = PBXFrameworksBuildPhase;
			buildActionMask = 2147483647;
			files = (
				553A0CEB2EDA312F00D93B93 /* SwiftUI.framework in Frameworks */,
				553A0CE92EDA312F00D93B93 /* WidgetKit.framework in Frameworks */,
			);
			runOnlyForDeploymentPostprocessing = 0;
		};
/* End PBXFrameworksBuildPhase section */

/* Begin PBXGroup section */
		30C144142C5C8CA666544C2A /* iOS */ = {
			isa = PBXGroup;
			children = (
				25FA1AE72DAEDFF3F2E009B3 /* Foundation.framework */,
			);
			name = iOS;
			sourceTree = "<group>";
		};
		5535B8412ECC21F600B778F4 = {
			isa = PBXGroup;
			children = (
				5535B84C2ECC21F600B778F4 /* noten-manager-ios */,
				553A0CEC2EDA312F00D93B93 /* ExamCountdownWidget */,
				5535B85B2ECC2C7A00B778F4 /* Frameworks */,
				5535B84B2ECC21F600B778F4 /* Products */,
				BBDDD1F6B0079669C75F2061 /* GradeEngineTests.swift */,
			);
			sourceTree = "<group>";
		};
		5535B84B2ECC21F600B778F4 /* Products */ = {
			isa = PBXGroup;
			children = (
				5535B84A2ECC21F600B778F4 /* noten-manager-ios.app */,
				553A0CE72EDA312F00D93B93 /* ExamCountdownWidgetExtension.appex */,
				0B81CAE7A7258A7CBD8BC078 /* noten-manager-iosTests.xctest */,
			);
			name = Products;
			sourceTree = "<group>";
		};
		5535B85B2ECC2C7A00B778F4 /* Frameworks */ = {
			isa = PBXGroup;
			children = (
				553A0CE82EDA312F00D93B93 /* WidgetKit.framework */,
				553A0CEA2EDA312F00D93B93 /* SwiftUI.framework */,
				30C144142C5C8CA666544C2A /* iOS */,
			);
			name = Frameworks;
			sourceTree = "<group>";
		};
/* End PBXGroup section */

/* Begin PBXNativeTarget section */
		5535B8492ECC21F600B778F4 /* noten-manager-ios */ = {
			isa = PBXNativeTarget;
			buildConfigurationList = 5535B8552ECC21FA00B778F4 /* Build configuration list for PBXNativeTarget "noten-manager-ios" */;
			buildPhases = (
				5535B8462ECC21F600B778F4 /* Sources */,
				5535B8472ECC21F600B778F4 /* Frameworks */,
				5535B8482ECC21F600B778F4 /* Resources */,
				553A0D012EDA313200D93B93 /* Embed Foundation Extensions */,
			);
			buildRules = (
			);
			dependencies = (
				553A0CFB2EDA313200D93B93 /* PBXTargetDependency */,
			);
			fileSystemSynchronizedGroups = (
				5535B84C2ECC21F600B778F4 /* noten-manager-ios */,
			);
			name = "noten-manager-ios";
			packageProductDependencies = (
				5535B85C2ECC2C7A00B778F4 /* FirebaseAuth */,
				5535B85E2ECC2C7F00B778F4 /* FirebaseCore */,
				5535B8602ECC2C8500B778F4 /* FirebaseFirestore */,
				5535B9012ECC2C7A00B778F4 /* FirebaseMessaging */,
				55050D332ED6292C0082A2EE /* GoogleSignIn */,
				55050D352ED6292C0082A2EE /* GoogleSignInSwift */,
				5515A4452F0F9E6C00A83829 /* FirebaseMessaging */,
			);
			productName = "noten-manager-ios";
			productReference = 5535B84A2ECC21F600B778F4 /* noten-manager-ios.app */;
			productType = "com.apple.product-type.application";
		};
		553A0CE62EDA312F00D93B93 /* ExamCountdownWidgetExtension */ = {
			isa = PBXNativeTarget;
			buildConfigurationList = 553A0CFD2EDA313200D93B93 /* Build configuration list for PBXNativeTarget "ExamCountdownWidgetExtension" */;
			buildPhases = (
				553A0CE32EDA312F00D93B93 /* Sources */,
				553A0CE42EDA312F00D93B93 /* Frameworks */,
				553A0CE52EDA312F00D93B93 /* Resources */,
			);
			buildRules = (
			);
			dependencies = (
			);
			fileSystemSynchronizedGroups = (
				553A0CEC2EDA312F00D93B93 /* ExamCountdownWidget */,
			);
			name = ExamCountdownWidgetExtension;
			productName = ExamCountdownWidgetExtension;
			productReference = 553A0CE72EDA312F00D93B93 /* ExamCountdownWidgetExtension.appex */;
			productType = "com.apple.product-type.app-extension";
		};
/* End PBXNativeTarget section */

/* Begin PBXProject section */
		5535B8422ECC21F600B778F4 /* Project object */ = {
			isa = PBXProject;
			attributes = {
				BuildIndependentTargetsInParallel = 1;
				LastSwiftUpdateCheck = 2610;
				LastUpgradeCheck = 2610;
				TargetAttributes = {
					5535B8492ECC21F600B778F4 = {
						CreatedOnToolsVersion = 26.1.1;
					};
					553A0CE62EDA312F00D93B93 = {
						CreatedOnToolsVersion = 26.1.1;
					};
				};
			};
			buildConfigurationList = 5535B8452ECC21F600B778F4 /* Build configuration list for PBXProject "noten-manager-ios" */;
			developmentRegion = de;
			hasScannedForEncodings = 0;
			knownRegions = (
				de,
				en,
				Base,
			);
			mainGroup = 5535B8412ECC21F600B778F4;
			minimizedProjectReferenceProxies = 1;
			packageReferences = (
				5535B85A2ECC29C800B778F4 /* XCRemoteSwiftPackageReference "firebase-ios-sdk" */,
				55050D322ED6292C0082A2EE /* XCRemoteSwiftPackageReference "GoogleSignIn-iOS" */,
			);
			preferredProjectObjectVersion = 77;
			productRefGroup = 5535B84B2ECC21F600B778F4 /* Products */;
			projectDirPath = "";
			projectRoot = "";
			targets = (
				5535B8492ECC21F600B778F4 /* noten-manager-ios */,
				553A0CE62EDA312F00D93B93 /* ExamCountdownWidgetExtension */,
			);
		};
/* End PBXProject section */

/* Begin PBXResourcesBuildPhase section */
		5535B8482ECC21F600B778F4 /* Resources */ = {
			isa = PBXResourcesBuildPhase;
			buildActionMask = 2147483647;
			files = (
			);
			runOnlyForDeploymentPostprocessing = 0;
		};
		553A0CE52EDA312F00D93B93 /* Resources */ = {
			isa = PBXResourcesBuildPhase;
			buildActionMask = 2147483647;
			files = (
			);
			runOnlyForDeploymentPostprocessing = 0;
		};
/* End PBXResourcesBuildPhase section */

/* Begin PBXSourcesBuildPhase section */
		5535B8462ECC21F600B778F4 /* Sources */ = {
			isa = PBXSourcesBuildPhase;
			buildActionMask = 2147483647;
			files = (
			);
			runOnlyForDeploymentPostprocessing = 0;
		};
		553A0CE32EDA312F00D93B93 /* Sources */ = {
			isa = PBXSourcesBuildPhase;
			buildActionMask = 2147483647;
			files = (
			);
			runOnlyForDeploymentPostprocessing = 0;
		};
/* End PBXSourcesBuildPhase section */

/* Begin PBXTargetDependency section */
		553A0CFB2EDA313200D93B93 /* PBXTargetDependency */ = {
			isa = PBXTargetDependency;
			target = 553A0CE62EDA312F00D93B93 /* ExamCountdownWidgetExtension */;
			targetProxy = 553A0CFA2EDA313200D93B93 /* PBXContainerItemProxy */;
		};
/* End PBXTargetDependency section */

/* Begin XCBuildConfiguration section */
		5535B8532ECC21FA00B778F4 /* Debug */ = {
			isa = XCBuildConfiguration;
			buildSettings = {
				ALWAYS_SEARCH_USER_PATHS = NO;
				ASSETCATALOG_COMPILER_GENERATE_SWIFT_ASSET_SYMBOL_EXTENSIONS = YES;
				CLANG_ANALYZER_NONNULL = YES;
				CLANG_ANALYZER_NUMBER_OBJECT_CONVERSION = YES_AGGRESSIVE;
				CLANG_CXX_LANGUAGE_STANDARD = "gnu++20";
				CLANG_ENABLE_MODULES = YES;
				CLANG_ENABLE_OBJC_ARC = YES;
				CLANG_ENABLE_OBJC_WEAK = YES;
				CLANG_WARN_BLOCK_CAPTURE_AUTORELEASING = YES;
				CLANG_WARN_BOOL_CONVERSION = YES;
				CLANG_WARN_COMMA = YES;
				CLANG_WARN_CONSTANT_CONVERSION = YES;
				CLANG_WARN_DEPRECATED_OBJC_IMPLEMENTATIONS = YES;
				CLANG_WARN_DIRECT_OBJC_ISA_USAGE = YES_ERROR;
				CLANG_WARN_DOCUMENTATION_COMMENTS = YES;
				CLANG_WARN_EMPTY_BODY = YES;
				CLANG_WARN_ENUM_CONVERSION = YES;
				CLANG_WARN_INFINITE_RECURSION = YES;
				CLANG_WARN_INT_CONVERSION = YES;
				CLANG_WARN_NON_LITERAL_NULL_CONVERSION = YES;
				CLANG_WARN_OBJC_IMPLICIT_RETAIN_SELF = YES;
				CLANG_WARN_OBJC_LITERAL_CONVERSION = YES;
				CLANG_WARN_OBJC_ROOT_CLASS = YES_ERROR;
				CLANG_WARN_QUOTED_INCLUDE_IN_FRAMEWORK_HEADER = YES;
				CLANG_WARN_RANGE_LOOP_ANALYSIS = YES;
				CLANG_WARN_STRICT_PROTOTYPES = YES;
				CLANG_WARN_SUSPICIOUS_MOVE = YES;
				CLANG_WARN_UNGUARDED_AVAILABILITY = YES_AGGRESSIVE;
				CLANG_WARN_UNREACHABLE_CODE = YES;
				CLANG_WARN__DUPLICATE_METHOD_MATCH = YES;
				COPY_PHASE_STRIP = NO;
				DEBUG_INFORMATION_FORMAT = dwarf;
				ENABLE_STRICT_OBJC_MSGSEND = YES;
				ENABLE_TESTABILITY = YES;
				ENABLE_USER_SCRIPT_SANDBOXING = YES;
				GCC_C_LANGUAGE_STANDARD = gnu17;
				GCC_DYNAMIC_NO_PIC = NO;
				GCC_NO_COMMON_BLOCKS = YES;
				GCC_OPTIMIZATION_LEVEL = 0;
				GCC_PREPROCESSOR_DEFINITIONS = (
					"DEBUG=1",
					"$(inherited)",
				);
				GCC_WARN_64_TO_32_BIT_CONVERSION = YES;
				GCC_WARN_ABOUT_RETURN_TYPE = YES_ERROR;
				GCC_WARN_UNDECLARED_SELECTOR = YES;
				GCC_WARN_UNINITIALIZED_AUTOS = YES_AGGRESSIVE;
				GCC_WARN_UNUSED_FUNCTION = YES;
				GCC_WARN_UNUSED_VARIABLE = YES;
				IPHONEOS_DEPLOYMENT_TARGET = 17.0;
				LOCALIZATION_PREFERS_STRING_CATALOGS = YES;
				MTL_ENABLE_DEBUG_INFO = INCLUDE_SOURCE;
				MTL_FAST_MATH = YES;
				ONLY_ACTIVE_ARCH = YES;
				SDKROOT = iphoneos;
				SWIFT_ACTIVE_COMPILATION_CONDITIONS = "DEBUG $(inherited)";
				SWIFT_OPTIMIZATION_LEVEL = "-Onone";
			};
			name = Debug;
		};
		5535B8542ECC21FA00B778F4 /* Release */ = {
			isa = XCBuildConfiguration;
			buildSettings = {
				ALWAYS_SEARCH_USER_PATHS = NO;
				ASSETCATALOG_COMPILER_GENERATE_SWIFT_ASSET_SYMBOL_EXTENSIONS = YES;
				CLANG_ANALYZER_NONNULL = YES;
				CLANG_ANALYZER_NUMBER_OBJECT_CONVERSION = YES_AGGRESSIVE;
				CLANG_CXX_LANGUAGE_STANDARD = "gnu++20";
				CLANG_ENABLE_MODULES = YES;
				CLANG_ENABLE_OBJC_ARC = YES;
				CLANG_ENABLE_OBJC_WEAK = YES;
				CLANG_WARN_BLOCK_CAPTURE_AUTORELEASING = YES;
				CLANG_WARN_BOOL_CONVERSION = YES;
				CLANG_WARN_COMMA = YES;
				CLANG_WARN_CONSTANT_CONVERSION = YES;
				CLANG_WARN_DEPRECATED_OBJC_IMPLEMENTATIONS = YES;
				CLANG_WARN_DIRECT_OBJC_ISA_USAGE = YES_ERROR;
				CLANG_WARN_DOCUMENTATION_COMMENTS = YES;
				CLANG_WARN_EMPTY_BODY = YES;
				CLANG_WARN_ENUM_CONVERSION = YES;
				CLANG_WARN_INFINITE_RECURSION = YES;
				CLANG_WARN_INT_CONVERSION = YES;
				CLANG_WARN_NON_LITERAL_NULL_CONVERSION = YES;
				CLANG_WARN_OBJC_IMPLICIT_RETAIN_SELF = YES;
				CLANG_WARN_OBJC_LITERAL_CONVERSION = YES;
				CLANG_WARN_OBJC_ROOT_CLASS = YES_ERROR;
				CLANG_WARN_QUOTED_INCLUDE_IN_FRAMEWORK_HEADER = YES;
				CLANG_WARN_RANGE_LOOP_ANALYSIS = YES;
				CLANG_WARN_STRICT_PROTOTYPES = YES;
				CLANG_WARN_SUSPICIOUS_MOVE = YES;
				CLANG_WARN_UNGUARDED_AVAILABILITY = YES_AGGRESSIVE;
				CLANG_WARN_UNREACHABLE_CODE = YES;
				CLANG_WARN__DUPLICATE_METHOD_MATCH = YES;
				COPY_PHASE_STRIP = NO;
				DEBUG_INFORMATION_FORMAT = "dwarf-with-dsym";
				ENABLE_NS_ASSERTIONS = NO;
				ENABLE_STRICT_OBJC_MSGSEND = YES;
				ENABLE_USER_SCRIPT_SANDBOXING = YES;
				GCC_C_LANGUAGE_STANDARD = gnu17;
				GCC_NO_COMMON_BLOCKS = YES;
				GCC_WARN_64_TO_32_BIT_CONVERSION = YES;
				GCC_WARN_ABOUT_RETURN_TYPE = YES_ERROR;
				GCC_WARN_UNDECLARED_SELECTOR = YES;
				GCC_WARN_UNINITIALIZED_AUTOS = YES_AGGRESSIVE;
				GCC_WARN_UNUSED_FUNCTION = YES;
				GCC_WARN_UNUSED_VARIABLE = YES;
				IPHONEOS_DEPLOYMENT_TARGET = 17.0;
				LOCALIZATION_PREFERS_STRING_CATALOGS = YES;
				MTL_ENABLE_DEBUG_INFO = NO;
				MTL_FAST_MATH = YES;
				SDKROOT = iphoneos;
				SWIFT_COMPILATION_MODE = wholemodule;
				VALIDATE_PRODUCT = YES;
			};
			name = Release;
		};
		5535B8562ECC21FA00B778F4 /* Debug */ = {
			isa = XCBuildConfiguration;
			buildSettings = {
				ASSETCATALOG_COMPILER_ALTERNATE_APPICON_NAMES = AppIconTwo;
				ASSETCATALOG_COMPILER_APPICON_NAME = AppIcon;
				ASSETCATALOG_COMPILER_GLOBAL_ACCENT_COLOR_NAME = AccentColor;
				ASSETCATALOG_COMPILER_INCLUDE_ALL_APPICON_ASSETS = YES;
				CODE_SIGN_ENTITLEMENTS = "noten-manager-ios/noten-manager-ios.entitlements";
				CODE_SIGN_IDENTITY = "Apple Development";
				CODE_SIGN_STYLE = Automatic;
				CURRENT_PROJECT_VERSION = 20;
				DEVELOPMENT_TEAM = 48BM67TY9G;
				ENABLE_PREVIEWS = YES;
				GENERATE_INFOPLIST_FILE = YES;
				INFOPLIST_FILE = "noten-manager-ios/Info.plist";
				INFOPLIST_KEY_CFBundleDevelopmentRegion = de;
				INFOPLIST_KEY_CFBundleDisplayName = "Noten Manager";
				INFOPLIST_KEY_CFBundleVersion = "$(CURRENT_PROJECT_VERSION)";
				INFOPLIST_KEY_LSApplicationCategoryType = "public.app-category.education";
				INFOPLIST_KEY_UIApplicationSceneManifest_Generation = YES;
				INFOPLIST_KEY_UIApplicationSupportsIndirectInputEvents = YES;
				INFOPLIST_KEY_UILaunchScreen_Generation = YES;
				INFOPLIST_KEY_UISupportedInterfaceOrientations = UIInterfaceOrientationPortrait;
				INFOPLIST_KEY_UISupportedInterfaceOrientations_iPad = "UIInterfaceOrientationLandscapeLeft UIInterfaceOrientationLandscapeRight UIInterfaceOrientationPortrait UIInterfaceOrientationPortraitUpsideDown";
				LD_RUNPATH_SEARCH_PATHS = (
					"$(inherited)",
					"@executable_path/Frameworks",
				);
				MARKETING_VERSION = 1.3.1;
				PRODUCT_BUNDLE_IDENTIFIER = "de.christophlabestin.noten-manager-ios";
				PRODUCT_NAME = "$(TARGET_NAME)";
				PROVISIONING_PROFILE_SPECIFIER = "";
				STRING_CATALOG_GENERATE_SYMBOLS = YES;
				SUPPORTED_PLATFORMS = "iphoneos iphonesimulator";
				SUPPORTS_MACCATALYST = NO;
				SUPPORTS_MAC_DESIGNED_FOR_IPHONE_IPAD = NO;
				SUPPORTS_XR_DESIGNED_FOR_IPHONE_IPAD = NO;
				SWIFT_APPROACHABLE_CONCURRENCY = YES;
				SWIFT_DEFAULT_ACTOR_ISOLATION = MainActor;
				SWIFT_EMIT_LOC_STRINGS = YES;
				SWIFT_UPCOMING_FEATURE_MEMBER_IMPORT_VISIBILITY = YES;
				SWIFT_VERSION = 6.0;
				TARGETED_DEVICE_FAMILY = 1;
			};
			name = Debug;
		};
		5535B8572ECC21FA00B778F4 /* Release */ = {
			isa = XCBuildConfiguration;
			buildSettings = {
				ASSETCATALOG_COMPILER_ALTERNATE_APPICON_NAMES = AppIconTwo;
				ASSETCATALOG_COMPILER_APPICON_NAME = AppIcon;
				ASSETCATALOG_COMPILER_GLOBAL_ACCENT_COLOR_NAME = AccentColor;
				ASSETCATALOG_COMPILER_INCLUDE_ALL_APPICON_ASSETS = YES;
				CODE_SIGN_ENTITLEMENTS = "noten-manager-ios/noten-manager-ios.entitlements";
				CODE_SIGN_IDENTITY = "Apple Development";
				CODE_SIGN_STYLE = Automatic;
				CURRENT_PROJECT_VERSION = 20;
				DEVELOPMENT_TEAM = 48BM67TY9G;
				ENABLE_PREVIEWS = YES;
				GENERATE_INFOPLIST_FILE = YES;
				INFOPLIST_FILE = "noten-manager-ios/Info.plist";
				INFOPLIST_KEY_CFBundleDevelopmentRegion = de;
				INFOPLIST_KEY_CFBundleDisplayName = "Noten Manager";
				INFOPLIST_KEY_CFBundleVersion = "$(CURRENT_PROJECT_VERSION)";
				INFOPLIST_KEY_LSApplicationCategoryType = "public.app-category.education";
				INFOPLIST_KEY_UIApplicationSceneManifest_Generation = YES;
				INFOPLIST_KEY_UIApplicationSupportsIndirectInputEvents = YES;
				INFOPLIST_KEY_UILaunchScreen_Generation = YES;
				INFOPLIST_KEY_UISupportedInterfaceOrientations = UIInterfaceOrientationPortrait;
				INFOPLIST_KEY_UISupportedInterfaceOrientations_iPad = "UIInterfaceOrientationLandscapeLeft UIInterfaceOrientationLandscapeRight UIInterfaceOrientationPortrait UIInterfaceOrientationPortraitUpsideDown";
				LD_RUNPATH_SEARCH_PATHS = (
					"$(inherited)",
					"@executable_path/Frameworks",
				);
				MARKETING_VERSION = 1.3.1;
				PRODUCT_BUNDLE_IDENTIFIER = "de.christophlabestin.noten-manager-ios";
				PRODUCT_NAME = "$(TARGET_NAME)";
				PROVISIONING_PROFILE_SPECIFIER = "";
				STRING_CATALOG_GENERATE_SYMBOLS = YES;
				SUPPORTED_PLATFORMS = "iphoneos iphonesimulator";
				SUPPORTS_MACCATALYST = NO;
				SUPPORTS_MAC_DESIGNED_FOR_IPHONE_IPAD = NO;
				SUPPORTS_XR_DESIGNED_FOR_IPHONE_IPAD = NO;
				SWIFT_APPROACHABLE_CONCURRENCY = YES;
				SWIFT_DEFAULT_ACTOR_ISOLATION = MainActor;
				SWIFT_EMIT_LOC_STRINGS = YES;
				SWIFT_UPCOMING_FEATURE_MEMBER_IMPORT_VISIBILITY = YES;
				SWIFT_VERSION = 6.0;
				TARGETED_DEVICE_FAMILY = 1;
			};
			name = Release;
		};
		553A0CFE2EDA313200D93B93 /* Debug */ = {
			isa = XCBuildConfiguration;
			buildSettings = {
				ASSETCATALOG_COMPILER_GLOBAL_ACCENT_COLOR_NAME = AccentColor;
				ASSETCATALOG_COMPILER_WIDGET_BACKGROUND_COLOR_NAME = WidgetBackground;
				CODE_SIGN_ENTITLEMENTS = ExamCountdownWidget/ExamCountdownWidget.entitlements;
				CODE_SIGN_IDENTITY = "Apple Development";
				CODE_SIGN_STYLE = Automatic;
				CURRENT_PROJECT_VERSION = 20;
				DEVELOPMENT_TEAM = 48BM67TY9G;
				GENERATE_INFOPLIST_FILE = YES;
				INFOPLIST_FILE = ExamCountdownWidget/Info.plist;
				INFOPLIST_KEY_CFBundleDisplayName = ExamCountdownWidget;
				INFOPLIST_KEY_CFBundleVersion = "$(CURRENT_PROJECT_VERSION)";
				INFOPLIST_KEY_NSHumanReadableCopyright = "";
				LD_RUNPATH_SEARCH_PATHS = (
					"$(inherited)",
					"@executable_path/Frameworks",
					"@executable_path/../../Frameworks",
				);
				MARKETING_VERSION = 1.3.1;
				PRODUCT_BUNDLE_IDENTIFIER = "de.christophlabestin.noten-manager-ios.ExamCountdownWidget";
				PRODUCT_NAME = "$(TARGET_NAME)";
				SKIP_INSTALL = YES;
				STRING_CATALOG_GENERATE_SYMBOLS = YES;
				SWIFT_APPROACHABLE_CONCURRENCY = YES;
				SWIFT_EMIT_LOC_STRINGS = YES;
				SWIFT_UPCOMING_FEATURE_MEMBER_IMPORT_VISIBILITY = YES;
				SWIFT_VERSION = 5.0;
				TARGETED_DEVICE_FAMILY = "1,2";
			};
			name = Debug;
		};
		553A0CFF2EDA313200D93B93 /* Release */ = {
			isa = XCBuildConfiguration;
			buildSettings = {
				ASSETCATALOG_COMPILER_GLOBAL_ACCENT_COLOR_NAME = AccentColor;
				ASSETCATALOG_COMPILER_WIDGET_BACKGROUND_COLOR_NAME = WidgetBackground;
				CODE_SIGN_ENTITLEMENTS = ExamCountdownWidget/ExamCountdownWidget.entitlements;
				CODE_SIGN_IDENTITY = "Apple Development";
				CODE_SIGN_STYLE = Automatic;
				CURRENT_PROJECT_VERSION = 20;
				DEVELOPMENT_TEAM = 48BM67TY9G;
				GENERATE_INFOPLIST_FILE = YES;
				INFOPLIST_FILE = ExamCountdownWidget/Info.plist;
				INFOPLIST_KEY_CFBundleDisplayName = ExamCountdownWidget;
				INFOPLIST_KEY_CFBundleVersion = "$(CURRENT_PROJECT_VERSION)";
				INFOPLIST_KEY_NSHumanReadableCopyright = "";
				LD_RUNPATH_SEARCH_PATHS = (
					"$(inherited)",
					"@executable_path/Frameworks",
					"@executable_path/../../Frameworks",
				);
				MARKETING_VERSION = 1.3.1;
				PRODUCT_BUNDLE_IDENTIFIER = "de.christophlabestin.noten-manager-ios.ExamCountdownWidget";
				PRODUCT_NAME = "$(TARGET_NAME)";
				SKIP_INSTALL = YES;
				STRING_CATALOG_GENERATE_SYMBOLS = YES;
				SWIFT_APPROACHABLE_CONCURRENCY = YES;
				SWIFT_EMIT_LOC_STRINGS = YES;
				SWIFT_UPCOMING_FEATURE_MEMBER_IMPORT_VISIBILITY = YES;
				SWIFT_VERSION = 5.0;
				TARGETED_DEVICE_FAMILY = "1,2";
			};
			name = Release;
		};
/* End XCBuildConfiguration section */

/* Begin XCConfigurationList section */
		5535B8452ECC21F600B778F4 /* Build configuration list for PBXProject "noten-manager-ios" */ = {
			isa = XCConfigurationList;
			buildConfigurations = (
				5535B8532ECC21FA00B778F4 /* Debug */,
				5535B8542ECC21FA00B778F4 /* Release */,
			);
			defaultConfigurationIsVisible = 0;
			defaultConfigurationName = Release;
		};
		5535B8552ECC21FA00B778F4 /* Build configuration list for PBXNativeTarget "noten-manager-ios" */ = {
			isa = XCConfigurationList;
			buildConfigurations = (
				5535B8562ECC21FA00B778F4 /* Debug */,
				5535B8572ECC21FA00B778F4 /* Release */,
			);
			defaultConfigurationIsVisible = 0;
			defaultConfigurationName = Release;
		};
		553A0CFD2EDA313200D93B93 /* Build configuration list for PBXNativeTarget "ExamCountdownWidgetExtension" */ = {
			isa = XCConfigurationList;
			buildConfigurations = (
				553A0CFE2EDA313200D93B93 /* Debug */,
				553A0CFF2EDA313200D93B93 /* Release */,
			);
			defaultConfigurationIsVisible = 0;
			defaultConfigurationName = Release;
		};
/* End XCConfigurationList section */

/* Begin XCRemoteSwiftPackageReference section */
		55050D322ED6292C0082A2EE /* XCRemoteSwiftPackageReference "GoogleSignIn-iOS" */ = {
			isa = XCRemoteSwiftPackageReference;
			repositoryURL = "https://github.com/google/GoogleSignIn-iOS";
			requirement = {
				kind = upToNextMajorVersion;
				minimumVersion = 9.0.0;
			};
		};
		5535B85A2ECC29C800B778F4 /* XCRemoteSwiftPackageReference "firebase-ios-sdk" */ = {
			isa = XCRemoteSwiftPackageReference;
			repositoryURL = "https://github.com/firebase/firebase-ios-sdk";
			requirement = {
				kind = upToNextMajorVersion;
				minimumVersion = 12.6.0;
			};
		};
/* End XCRemoteSwiftPackageReference section */

/* Begin XCSwiftPackageProductDependency section */
		55050D332ED6292C0082A2EE /* GoogleSignIn */ = {
			isa = XCSwiftPackageProductDependency;
			package = 55050D322ED6292C0082A2EE /* XCRemoteSwiftPackageReference "GoogleSignIn-iOS" */;
			productName = GoogleSignIn;
		};
		55050D352ED6292C0082A2EE /* GoogleSignInSwift */ = {
			isa = XCSwiftPackageProductDependency;
			package = 55050D322ED6292C0082A2EE /* XCRemoteSwiftPackageReference "GoogleSignIn-iOS" */;
			productName = GoogleSignInSwift;
		};
		5515A4452F0F9E6C00A83829 /* FirebaseMessaging */ = {
			isa = XCSwiftPackageProductDependency;
			package = 5535B85A2ECC29C800B778F4 /* XCRemoteSwiftPackageReference "firebase-ios-sdk" */;
			productName = FirebaseMessaging;
		};
		5535B85C2ECC2C7A00B778F4 /* FirebaseAuth */ = {
			isa = XCSwiftPackageProductDependency;
			package = 5535B85A2ECC29C800B778F4 /* XCRemoteSwiftPackageReference "firebase-ios-sdk" */;
			productName = FirebaseAuth;
		};
		5535B85E2ECC2C7F00B778F4 /* FirebaseCore */ = {
			isa = XCSwiftPackageProductDependency;
			package = 5535B85A2ECC29C800B778F4 /* XCRemoteSwiftPackageReference "firebase-ios-sdk" */;
			productName = FirebaseCore;
		};
		5535B8602ECC2C8500B778F4 /* FirebaseFirestore */ = {
			isa = XCSwiftPackageProductDependency;
			package = 5535B85A2ECC29C800B778F4 /* XCRemoteSwiftPackageReference "firebase-ios-sdk" */;
			productName = FirebaseFirestore;
		};
		5535B9012ECC2C7A00B778F4 /* FirebaseMessaging */ = {
			isa = XCSwiftPackageProductDependency;
			package = 5535B85A2ECC29C800B778F4 /* XCRemoteSwiftPackageReference "firebase-ios-sdk" */;
			productName = FirebaseMessaging;
		};
/* End XCSwiftPackageProductDependency section */
	};
	rootObject = 5535B8422ECC21F600B778F4 /* Project object */;
}
