<?xml version="1.0" encoding="UTF-8"?>
<Scheme
   xmlns:ns0 = "http://www.apple.com/DeveloperTools/Namespace.xcschemes"
   LastUpgradeVersion = "2610"
   version = "1.8">
   <BuildAction
      parallelizeBuildables = "YES"
      buildImplicitDependencies = "YES">
      <BuildActionEntries>
         <BuildActionEntry
            buildForTesting = "YES"
            buildForRunning = "YES"
            buildForProfiling = "YES"
            buildForArchiving = "YES"
            buildForAnalyzing = "YES">
            <BuildableReference
               BuildableIdentifier = "primary"
               BlueprintIdentifier = "5535B8492ECC21F600B778F4"
               BuildableName = "noten-manager-ios.app"
               BlueprintName = "noten-manager-ios"
               ReferencedContainer = "container:noten-manager-ios.xcodeproj">
            </BuildableReference>
         </BuildActionEntry>
         <BuildActionEntry
            buildForTesting = "NO"
            buildForRunning = "YES"
            buildForProfiling = "YES"
            buildForArchiving = "YES"
            buildForAnalyzing = "YES">
            <BuildableReference
               BuildableIdentifier = "primary"
               BlueprintIdentifier = "553A0CE62EDA312F00D93B93"
               BuildableName = "ExamCountdownWidgetExtension.appex"
               BlueprintName = "ExamCountdownWidgetExtension"
               ReferencedContainer = "container:noten-manager-ios.xcodeproj">
            </BuildableReference>
         </BuildActionEntry>
      </BuildActionEntries>
   </BuildAction>
   <TestAction
      buildConfiguration = "Debug"
      selectedDebuggerIdentifier = "Xcode.DebuggerFoundation.Debugger.LLDB"
      selectedLauncherIdentifier = "Xcode.DebuggerFoundation.Launcher.LLDB"
      shouldUseLaunchSchemeArgsEnv = "YES"
      shouldAutocreateTestPlan = "YES">
   </TestAction>
   <LaunchAction
      buildConfiguration = "Debug"
      selectedDebuggerIdentifier = "Xcode.DebuggerFoundation.Debugger.LLDB"
      selectedLauncherIdentifier = "Xcode.DebuggerFoundation.Launcher.LLDB"
      language = "de"
      region = "DE"
      launchStyle = "0"
      useCustomWorkingDirectory = "NO"
      ignoresPersistentStateOnLaunch = "NO"
      debugDocumentVersioning = "YES"
      debugServiceExtension = "internal"
      allowLocationSimulation = "YES">
      <BuildableProductRunnable
         runnableDebuggingMode = "0">
         <BuildableReference
            BuildableIdentifier = "primary"
            BlueprintIdentifier = "5535B8492ECC21F600B778F4"
            BuildableName = "noten-manager-ios.app"
            BlueprintName = "noten-manager-ios"
            ReferencedContainer = "container:noten-manager-ios.xcodeproj">
         </BuildableReference>
      </BuildableProductRunnable>
   </LaunchAction>
   <ProfileAction
      buildConfiguration = "Release"
      shouldUseLaunchSchemeArgsEnv = "YES"
      savedToolIdentifier = ""
      useCustomWorkingDirectory = "NO"
      debugDocumentVersioning = "YES">
      <BuildableProductRunnable
         runnableDebuggingMode = "0">
         <BuildableReference
            BuildableIdentifier = "primary"
            BlueprintIdentifier = "5535B8492ECC21F600B778F4"
            BuildableName = "noten-manager-ios.app"
            BlueprintName = "noten-manager-ios"
            ReferencedContainer = "container:noten-manager-ios.xcodeproj">
         </BuildableReference>
      </BuildableProductRunnable>
   </ProfileAction>
   <AnalyzeAction
      buildConfiguration = "Debug">
   </AnalyzeAction>
   <ArchiveAction
      buildConfiguration = "Release"
      revealArchiveInOrganizer = "YES">
   </ArchiveAction>
   <ns0:TestAction
      selectedDebuggerIdentifier = "Xcode.DebuggerFoundation.Debugger.LLDB"
      selectedLauncherIdentifier = "Xcode.DebuggerFoundation.Launcher.LLDB"
      shouldUseLaunchSchemeArgsEnv = "YES">
      <ns0:Testables>
         <ns0:TestableReference
            skipped = "NO">
            <ns0:BuildableReference
               BlueprintIdentifier = "C18E356BC577D26E98FD3915"
               BlueprintName = "noten-manager-iosTests"
               BuildableIdentifier = "primary"
               BuildableName = "noten-manager-iosTests.xctest"
               ReferencedContainer = "container:noten-manager-ios.xcodeproj">
            </ns0:BuildableReference>
         </ns0:TestableReference>
      </ns0:Testables>
      <ns0:MacroExpansion>
      </ns0:MacroExpansion>
   </ns0:TestAction>
</Scheme>
